
Microsoft Visual Studio Solution File, Format Version 12.00
# Visual Studio Version 17
VisualStudioVersion = 17.0.31903.59
MinimumVisualStudioVersion = 10.0.40219.1
Project("{2150E333-8FDC-42A3-9474-1A3956D46DE8}") = "src", "src", "{827E0CD3-B72D-47B6-A68D-7590B98EB39B}"
EndProject
Project("{FAE04EC0-301F-11D3-BF4B-00C04F79EFBC}") = "FormBuilder.Domain", "src\FormBuilder.Domain\FormBuilder.Domain.csproj", "{21068736-8214-4A9D-AD5D-B0ECED76BB8F}"
EndProject
Project("{FAE04EC0-301F-11D3-BF4B-00C04F79EFBC}") = "FormBuilder.Application", "src\FormBuilder.Application\FormBuilder.Application.csproj", "{9E2E2765-F8B2-49D8-B578-D11A2C4CE48C}"
EndProject
Project("{FAE04EC0-301F-11D3-BF4B-00C04F79EFBC}") = "FormBuilder.Infrastructure", "src\FormBuilder.Infrastructure\FormBuilder.Infrastructure.csproj", "{05639B8B-3902-4C50-971A-5AD74CE44EBE}"
EndProject
Project("{FAE04EC0-301F-11D3-BF4B-00C04F79EFBC}") = "FormBuilder.Api", "src\FormBuilder.Api\FormBuilder.Api.csproj", "{823CD840-7C50-4BF5-AA8F-0AD8B5D984BB}"
EndProject
Project("{FAE04EC0-301F-11D3-BF4B-00C04F79EFBC}") = "FormBuilder.Domain.Tests", "tests\FormBuilder.Domain.Tests\FormBuilder.Domain.Tests.csproj", "{CC1B27FE-5686-44CB-970A-639ED3333840}"
EndProject
Project("{FAE04EC0-301F-11D3-BF4B-00C04F79EFBC}") = "FormBuilder.Application.Tests", "tests\FormBuilder.Application.Tests\FormBuilder.Application.Tests.csproj", "{10C572D5-0998-4CDE-B687-C3D1671A267D}"
EndProject
Project("{FAE04EC0-301F-11D3-BF4B-00C04F79EFBC}") = "FormBuilder.Api.IntegrationTests", "tests\FormBuilder.Api.IntegrationTests\FormBuilder.Api.IntegrationTests.csproj", "{2B616684-D6F6-4047-B541-44BE2497F6AA}"
EndProject
Project("{2150E333-8FDC-42A3-9474-1A3956D46DE8}") = "tests", "tests", "{0AB3BF05-4346-4AA6-1389-037BE0695223}"
EndProject
Project("{FAE04EC0-301F-11D3-BF4B-00C04F79EFBC}") = "FormBuilder.Infrastructure.Tests", "tests\FormBuilder.Infrastructure.Tests\FormBuilder.Infrastructure.Tests.csproj", "{CC44267B-DC62-4819-86C8-F274581F6B73}"
EndProject
Global
	GlobalSection(SolutionConfigurationPlatforms) = preSolution
		Debug|Any CPU = Debug|Any CPU
		Debug|x64 = Debug|x64
		Debug|x86 = Debug|x86
		Release|Any CPU = Release|Any CPU
		Release|x64 = Release|x64
		Release|x86 = Release|x86
	EndGlobalSection
	GlobalSection(ProjectConfigurationPlatforms) = postSolution
		{21068736-8214-4A9D-AD5D-B0ECED76BB8F}.Debug|Any CPU.ActiveCfg = Debug|Any CPU
		{21068736-8214-4A9D-AD5D-B0ECED76BB8F}.Debug|Any CPU.Build.0 = Debug|Any CPU
		{21068736-8214-4A9D-AD5D-B0ECED76BB8F}.Debug|x64.ActiveCfg = Debug|Any CPU
		{21068736-8214-4A9D-AD5D-B0ECED76BB8F}.Debug|x64.Build.0 = Debug|Any CPU
		{21068736-8214-4A9D-AD5D-B0ECED76BB8F}.Debug|x86.ActiveCfg = Debug|Any CPU
		{21068736-8214-4A9D-AD5D-B0ECED76BB8F}.Debug|x86.Build.0 = Debug|Any CPU
		{21068736-8214-4A9D-AD5D-B0ECED76BB8F}.Release|Any CPU.ActiveCfg = Release|Any CPU
		{21068736-8214-4A9D-AD5D-B0ECED76BB8F}.Release|Any CPU.Build.0 = Release|Any CPU
		{21068736-8214-4A9D-AD5D-B0ECED76BB8F}.Release|x64.ActiveCfg = Release|Any CPU
		{21068736-8214-4A9D-AD5D-B0ECED76BB8F}.Release|x64.Build.0 = Release|Any CPU
		{21068736-8214-4A9D-AD5D-B0ECED76BB8F}.Release|x86.ActiveCfg = Release|Any CPU
		{21068736-8214-4A9D-AD5D-B0ECED76BB8F}.Release|x86.Build.0 = Release|Any CPU
		{9E2E2765-F8B2-49D8-B578-D11A2C4CE48C}.Debug|Any CPU.ActiveCfg = Debug|Any CPU
		{9E2E2765-F8B2-49D8-B578-D11A2C4CE48C}.Debug|Any CPU.Build.0 = Debug|Any CPU
		{9E2E2765-F8B2-49D8-B578-D11A2C4CE48C}.Debug|x64.ActiveCfg = Debug|Any CPU
		{9E2E2765-F8B2-49D8-B578-D11A2C4CE48C}.Debug|x64.Build.0 = Debug|Any CPU
		{9E2E2765-F8B2-49D8-B578-D11A2C4CE48C}.Debug|x86.ActiveCfg = Debug|Any CPU
		{9E2E2765-F8B2-49D8-B578-D11A2C4CE48C}.Debug|x86.Build.0 = Debug|Any CPU
		{9E2E2765-F8B2-49D8-B578-D11A2C4CE48C}.Release|Any CPU.ActiveCfg = Release|Any CPU
		{9E2E2765-F8B2-49D8-B578-D11A2C4CE48C}.Release|Any CPU.Build.0 = Release|Any CPU
		{9E2E2765-F8B2-49D8-B578-D11A2C4CE48C}.Release|x64.ActiveCfg = Release|Any CPU
		{9E2E2765-F8B2-49D8-B578-D11A2C4CE48C}.Release|x64.Build.0 = Release|Any CPU
		{9E2E2765-F8B2-49D8-B578-D11A2C4CE48C}.Release|x86.ActiveCfg = Release|Any CPU
		{9E2E2765-F8B2-49D8-B578-D11A2C4CE48C}.Release|x86.Build.0 = Release|Any CPU
		{05639B8B-3902-4C50-971A-5AD74CE44EBE}.Debug|Any CPU.ActiveCfg = Debug|Any CPU
		{05639B8B-3902-4C50-971A-5AD74CE44EBE}.Debug|Any CPU.Build.0 = Debug|Any CPU
		{05639B8B-3902-4C50-971A-5AD74CE44EBE}.Debug|x64.ActiveCfg = Debug|Any CPU
		{05639B8B-3902-4C50-971A-5AD74CE44EBE}.Debug|x64.Build.0 = Debug|Any CPU
		{05639B8B-3902-4C50-971A-5AD74CE44EBE}.Debug|x86.ActiveCfg = Debug|Any CPU
		{05639B8B-3902-4C50-971A-5AD74CE44EBE}.Debug|x86.Build.0 = Debug|Any CPU
		{05639B8B-3902-4C50-971A-5AD74CE44EBE}.Release|Any CPU.ActiveCfg = Release|Any CPU
		{05639B8B-3902-4C50-971A-5AD74CE44EBE}.Release|Any CPU.Build.0 = Release|Any CPU
		{05639B8B-3902-4C50-971A-5AD74CE44EBE}.Release|x64.ActiveCfg = Release|Any CPU
		{05639B8B-3902-4C50-971A-5AD74CE44EBE}.Release|x64.Build.0 = Release|Any CPU
		{05639B8B-3902-4C50-971A-5AD74CE44EBE}.Release|x86.ActiveCfg = Release|Any CPU
		{05639B8B-3902-4C50-971A-5AD74CE44EBE}.Release|x86.Build.0 = Release|Any CPU
		{823CD840-7C50-4BF5-AA8F-0AD8B5D984BB}.Debug|Any CPU.ActiveCfg = Debug|Any CPU
		{823CD840-7C50-4BF5-AA8F-0AD8B5D984BB}.Debug|Any CPU.Build.0 = Debug|Any CPU
		{823CD840-7C50-4BF5-AA8F-0AD8B5D984BB}.Debug|x64.ActiveCfg = Debug|Any CPU
		{823CD840-7C50-4BF5-AA8F-0AD8B5D984BB}.Debug|x64.Build.0 = Debug|Any CPU
		{823CD840-7C50-4BF5-AA8F-0AD8B5D984BB}.Debug|x86.ActiveCfg = Debug|Any CPU
		{823CD840-7C50-4BF5-AA8F-0AD8B5D984BB}.Debug|x86.Build.0 = Debug|Any CPU
		{823CD840-7C50-4BF5-AA8F-0AD8B5D984BB}.Release|Any CPU.ActiveCfg = Release|Any CPU
		{823CD840-7C50-4BF5-AA8F-0AD8B5D984BB}.Release|Any CPU.Build.0 = Release|Any CPU
		{823CD840-7C50-4BF5-AA8F-0AD8B5D984BB}.Release|x64.ActiveCfg = Release|Any CPU
		{823CD840-7C50-4BF5-AA8F-0AD8B5D984BB}.Release|x64.Build.0 = Release|Any CPU
		{823CD840-7C50-4BF5-AA8F-0AD8B5D984BB}.Release|x86.ActiveCfg = Release|Any CPU
		{823CD840-7C50-4BF5-AA8F-0AD8B5D984BB}.Release|x86.Build.0 = Release|Any CPU
		{CC1B27FE-5686-44CB-970A-639ED3333840}.Debug|Any CPU.ActiveCfg = Debug|Any CPU
		{CC1B27FE-5686-44CB-970A-639ED3333840}.Debug|Any CPU.Build.0 = Debug|Any CPU
		{CC1B27FE-5686-44CB-970A-639ED3333840}.Debug|x64.ActiveCfg = Debug|Any CPU
		{CC1B27FE-5686-44CB-970A-639ED3333840}.Debug|x64.Build.0 = Debug|Any CPU
		{CC1B27FE-5686-44CB-970A-639ED3333840}.Debug|x86.ActiveCfg = Debug|Any CPU
		{CC1B27FE-5686-44CB-970A-639ED3333840}.Debug|x86.Build.0 = Debug|Any CPU
		{CC1B27FE-5686-44CB-970A-639ED3333840}.Release|Any CPU.ActiveCfg = Release|Any CPU
		{CC1B27FE-5686-44CB-970A-639ED3333840}.Release|Any CPU.Build.0 = Release|Any CPU
		{CC1B27FE-5686-44CB-970A-639ED3333840}.Release|x64.ActiveCfg = Release|Any CPU
		{CC1B27FE-5686-44CB-970A-639ED3333840}.Release|x64.Build.0 = Release|Any CPU
		{CC1B27FE-5686-44CB-970A-639ED3333840}.Release|x86.ActiveCfg = Release|Any CPU
		{CC1B27FE-5686-44CB-970A-639ED3333840}.Release|x86.Build.0 = Release|Any CPU
		{10C572D5-0998-4CDE-B687-C3D1671A267D}.Debug|Any CPU.ActiveCfg = Debug|Any CPU
		{10C572D5-0998-4CDE-B687-C3D1671A267D}.Debug|Any CPU.Build.0 = Debug|Any CPU
		{10C572D5-0998-4CDE-B687-C3D1671A267D}.Debug|x64.ActiveCfg = Debug|Any CPU
		{10C572D5-0998-4CDE-B687-C3D1671A267D}.Debug|x64.Build.0 = Debug|Any CPU
		{10C572D5-0998-4CDE-B687-C3D1671A267D}.Debug|x86.ActiveCfg = Debug|Any CPU
		{10C572D5-0998-4CDE-B687-C3D1671A267D}.Debug|x86.Build.0 = Debug|Any CPU
		{10C572D5-0998-4CDE-B687-C3D1671A267D}.Release|Any CPU.ActiveCfg = Release|Any CPU
		{10C572D5-0998-4CDE-B687-C3D1671A267D}.Release|Any CPU.Build.0 = Release|Any CPU
		{10C572D5-0998-4CDE-B687-C3D1671A267D}.Release|x64.ActiveCfg = Release|Any CPU
		{10C572D5-0998-4CDE-B687-C3D1671A267D}.Release|x64.Build.0 = Release|Any CPU
		{10C572D5-0998-4CDE-B687-C3D1671A267D}.Release|x86.ActiveCfg = Release|Any CPU
		{10C572D5-0998-4CDE-B687-C3D1671A267D}.Release|x86.Build.0 = Release|Any CPU
		{2B616684-D6F6-4047-B541-44BE2497F6AA}.Debug|Any CPU.ActiveCfg = Debug|Any CPU
		{2B616684-D6F6-4047-B541-44BE2497F6AA}.Debug|Any CPU.Build.0 = Debug|Any CPU
		{2B616684-D6F6-4047-B541-44BE2497F6AA}.Debug|x64.ActiveCfg = Debug|Any CPU
		{2B616684-D6F6-4047-B541-44BE2497F6AA}.Debug|x64.Build.0 = Debug|Any CPU
		{2B616684-D6F6-4047-B541-44BE2497F6AA}.Debug|x86.ActiveCfg = Debug|Any CPU
		{2B616684-D6F6-4047-B541-44BE2497F6AA}.Debug|x86.Build.0 = Debug|Any CPU
		{2B616684-D6F6-4047-B541-44BE2497F6AA}.Release|Any CPU.ActiveCfg = Release|Any CPU
		{2B616684-D6F6-4047-B541-44BE2497F6AA}.Release|Any CPU.Build.0 = Release|Any CPU
		{2B616684-D6F6-4047-B541-44BE2497F6AA}.Release|x64.ActiveCfg = Release|Any CPU
		{2B616684-D6F6-4047-B541-44BE2497F6AA}.Release|x64.Build.0 = Release|Any CPU
		{2B616684-D6F6-4047-B541-44BE2497F6AA}.Release|x86.ActiveCfg = Release|Any CPU
		{2B616684-D6F6-4047-B541-44BE2497F6AA}.Release|x86.Build.0 = Release|Any CPU
		{CC44267B-DC62-4819-86C8-F274581F6B73}.Debug|Any CPU.ActiveCfg = Debug|Any CPU
		{CC44267B-DC62-4819-86C8-F274581F6B73}.Debug|Any CPU.Build.0 = Debug|Any CPU
		{CC44267B-DC62-4819-86C8-F274581F6B73}.Debug|x64.ActiveCfg = Debug|Any CPU
		{CC44267B-DC62-4819-86C8-F274581F6B73}.Debug|x64.Build.0 = Debug|Any CPU
		{CC44267B-DC62-4819-86C8-F274581F6B73}.Debug|x86.ActiveCfg = Debug|Any CPU
		{CC44267B-DC62-4819-86C8-F274581F6B73}.Debug|x86.Build.0 = Debug|Any CPU
		{CC44267B-DC62-4819-86C8-F274581F6B73}.Release|Any CPU.ActiveCfg = Release|Any CPU
		{CC44267B-DC62-4819-86C8-F274581F6B73}.Release|Any CPU.Build.0 = Release|Any CPU
		{CC44267B-DC62-4819-86C8-F274581F6B73}.Release|x64.ActiveCfg = Release|Any CPU
		{CC44267B-DC62-4819-86C8-F274581F6B73}.Release|x64.Build.0 = Release|Any CPU
		{CC44267B-DC62-4819-86C8-F274581F6B73}.Release|x86.ActiveCfg = Release|Any CPU
		{CC44267B-DC62-4819-86C8-F274581F6B73}.Release|x86.Build.0 = Release|Any CPU
	EndGlobalSection
	GlobalSection(SolutionProperties) = preSolution
		HideSolutionNode = FALSE
	EndGlobalSection
	GlobalSection(NestedProjects) = preSolution
		{21068736-8214-4A9D-AD5D-B0ECED76BB8F} = {827E0CD3-B72D-47B6-A68D-7590B98EB39B}
		{9E2E2765-F8B2-49D8-B578-D11A2C4CE48C} = {827E0CD3-B72D-47B6-A68D-7590B98EB39B}
		{05639B8B-3902-4C50-971A-5AD74CE44EBE} = {827E0CD3-B72D-47B6-A68D-7590B98EB39B}
		{823CD840-7C50-4BF5-AA8F-0AD8B5D984BB} = {827E0CD3-B72D-47B6-A68D-7590B98EB39B}
		{CC1B27FE-5686-44CB-970A-639ED3333840} = {827E0CD3-B72D-47B6-A68D-7590B98EB39B}
		{10C572D5-0998-4CDE-B687-C3D1671A267D} = {827E0CD3-B72D-47B6-A68D-7590B98EB39B}
		{2B616684-D6F6-4047-B541-44BE2497F6AA} = {827E0CD3-B72D-47B6-A68D-7590B98EB39B}
		{CC44267B-DC62-4819-86C8-F274581F6B73} = {0AB3BF05-4346-4AA6-1389-037BE0695223}
	EndGlobalSection
EndGlobal
